
Microsoft Visual Studio Solution File, Format Version 12.00
# Visual Studio 14
VisualStudioVersion = 14.0.25420.1
MinimumVisualStudioVersion = 10.0.40219.1
Project("{FAE04EC0-301F-11D3-BF4B-00C04F79EFBC}") = "QuizProj", "QuizProj\QuizProj.csproj", "{7F2FF46A-4795-4077-8672-400895BD74C0}"
EndProject
Project("{FAE04EC0-301F-11D3-BF4B-00C04F79EFBC}") = "QuizLibrary", "QuizLibrary\QuizLibrary.csproj", "{4DBE7F08-12DD-4D3E-9CCA-614587F7A369}"
EndProject
Global
	GlobalSection(SolutionConfigurationPlatforms) = preSolution
		Debug|Any CPU = Debug|Any CPU
		Release|Any CPU = Release|Any CPU
	EndGlobalSection
	GlobalSection(ProjectConfigurationPlatforms) = postSolution
		{7F2FF46A-4795-4077-8672-400895BD74C0}.Debug|Any CPU.ActiveCfg = Debug|Any CPU
		{7F2FF46A-4795-4077-8672-400895BD74C0}.Debug|Any CPU.Build.0 = Debug|Any CPU
		{7F2FF46A-4795-4077-8672-400895BD74C0}.Release|Any CPU.ActiveCfg = Release|Any CPU
		{7F2FF46A-4795-4077-8672-400895BD74C0}.Release|Any CPU.Build.0 = Release|Any CPU
		{4DBE7F08-12DD-4D3E-9CCA-614587F7A369}.Debug|Any CPU.ActiveCfg = Debug|Any CPU
		{4DBE7F08-12DD-4D3E-9CCA-614587F7A369}.Debug|Any CPU.Build.0 = Debug|Any CPU
		{4DBE7F08-12DD-4D3E-9CCA-614587F7A369}.Release|Any CPU.ActiveCfg = Release|Any CPU
		{4DBE7F08-12DD-4D3E-9CCA-614587F7A369}.Release|Any CPU.Build.0 = Release|Any CPU
	EndGlobalSection
	GlobalSection(SolutionProperties) = preSolution
		HideSolutionNode = FALSE
	EndGlobalSection
EndGlobal
